
Microsoft Visual Studio Solution File, Format Version 12.00
# Visual Studio Version 17
VisualStudioVersion = 17.0.31903.59
MinimumVisualStudioVersion = 10.0.40219.1
Project("{2150E333-8FDC-42A3-9474-1A3956D46DE8}") = "src", "src", "{827E0CD3-B72D-47B6-A68D-7590B98EB39B}"
EndProject
Project("{FAE04EC0-301F-11D3-BF4B-00C04F79EFBC}") = "Toyana.Ordering", "src\Toyana.Ordering\Toyana.Ordering.csproj", "{10F95E76-74E7-4CF3-85DD-42733BE4744F}"
EndProject
Project("{FAE04EC0-301F-11D3-BF4B-00C04F79EFBC}") = "Toyana.Identity", "src\Toyana.Identity\Toyana.Identity.csproj", "{E3BF5D28-0DEC-4C6E-A4ED-0070F76A74AA}"
EndProject
Project("{FAE04EC0-301F-11D3-BF4B-00C04F79EFBC}") = "Toyana.VendorCenter", "src\Toyana.VendorCenter\Toyana.VendorCenter.csproj", "{8449EB66-E846-473A-8427-F1F1FD8199A5}"
EndProject
Project("{FAE04EC0-301F-11D3-BF4B-00C04F79EFBC}") = "Toyana.Catalog", "src\Toyana.Catalog\Toyana.Catalog.csproj", "{7D8BCC61-FE25-4878-BAB5-F65DCA8131E7}"
EndProject
Project("{FAE04EC0-301F-11D3-BF4B-00C04F79EFBC}") = "Toyana.Payments", "src\Toyana.Payments\Toyana.Payments.csproj", "{04515400-BC96-4B93-8957-E97EAC890CC2}"
EndProject
Project("{2150E333-8FDC-42A3-9474-1A3956D46DE8}") = "shared", "shared", "{4F52FD11-658E-A102-6CD3-7D7C16FFA15B}"
	ProjectSection(SolutionItems) = preProject
		docker-compose.yml = docker-compose.yml
	EndProjectSection
EndProject
Project("{FAE04EC0-301F-11D3-BF4B-00C04F79EFBC}") = "Toyana.Contracts", "shared\Toyana.Contracts\Toyana.Contracts.csproj", "{0DB90086-CD73-4C0A-B035-6DABFA07C8CD}"
EndProject
Project("{FAE04EC0-301F-11D3-BF4B-00C04F79EFBC}") = "Toyana.Gateway", "src\Toyana.Gateway\Toyana.Gateway.csproj", "{8440DF12-FA76-46F8-A5CA-5AF546AFA7D0}"
EndProject
Project("{FAE04EC0-301F-11D3-BF4B-00C04F79EFBC}") = "Toyana.Chat", "src\Toyana.Chat\Toyana.Chat.csproj", "{20FD415A-30E9-4F87-A34A-0A86F6890F62}"
EndProject
Project("{FAE04EC0-301F-11D3-BF4B-00C04F79EFBC}") = "Toyana.Shared", "shared\Toyana.Shared\Toyana.Shared.csproj", "{C9D5EB2B-04E6-478F-AC06-05F5656EF7DC}"
EndProject
Project("{FAE04EC0-301F-11D3-BF4B-00C04F79EFBC}") = "Toyana.Admin", "src\Toyana.Admin\Toyana.Admin.csproj", "{27C2582C-2E94-42E2-9491-3A5D3B44804B}"
EndProject
Project("{FAE04EC0-301F-11D3-BF4B-00C04F79EFBC}") = "Toyana.Alerts", "src\Toyana.Alerts\Toyana.Alerts.csproj", "{AD3EF692-D756-42C1-B5DE-7FE932D4C1DD}"
EndProject
Project("{2150E333-8FDC-42A3-9474-1A3956D46DE8}") = "tests", "tests", "{0AB3BF05-4346-4AA6-1389-037BE0695223}"
EndProject
Project("{FAE04EC0-301F-11D3-BF4B-00C04F79EFBC}") = "Toyana.E2E.Tests", "tests\Toyana.E2E.Tests\Toyana.E2E.Tests.csproj", "{79E6A3DA-8CEB-468D-BC3D-A16661028810}"
EndProject
Global
	GlobalSection(SolutionConfigurationPlatforms) = preSolution
		Debug|Any CPU = Debug|Any CPU
		Debug|x64 = Debug|x64
		Debug|x86 = Debug|x86
		Release|Any CPU = Release|Any CPU
		Release|x64 = Release|x64
		Release|x86 = Release|x86
	EndGlobalSection
	GlobalSection(ProjectConfigurationPlatforms) = postSolution
		{10F95E76-74E7-4CF3-85DD-42733BE4744F}.Debug|Any CPU.ActiveCfg = Debug|Any CPU
		{10F95E76-74E7-4CF3-85DD-42733BE4744F}.Debug|Any CPU.Build.0 = Debug|Any CPU
		{10F95E76-74E7-4CF3-85DD-42733BE4744F}.Debug|x64.ActiveCfg = Debug|Any CPU
		{10F95E76-74E7-4CF3-85DD-42733BE4744F}.Debug|x64.Build.0 = Debug|Any CPU
		{10F95E76-74E7-4CF3-85DD-42733BE4744F}.Debug|x86.ActiveCfg = Debug|Any CPU
		{10F95E76-74E7-4CF3-85DD-42733BE4744F}.Debug|x86.Build.0 = Debug|Any CPU
		{10F95E76-74E7-4CF3-85DD-42733BE4744F}.Release|Any CPU.ActiveCfg = Release|Any CPU
		{10F95E76-74E7-4CF3-85DD-42733BE4744F}.Release|Any CPU.Build.0 = Release|Any CPU
		{10F95E76-74E7-4CF3-85DD-42733BE4744F}.Release|x64.ActiveCfg = Release|Any CPU
		{10F95E76-74E7-4CF3-85DD-42733BE4744F}.Release|x64.Build.0 = Release|Any CPU
		{10F95E76-74E7-4CF3-85DD-42733BE4744F}.Release|x86.ActiveCfg = Release|Any CPU
		{10F95E76-74E7-4CF3-85DD-42733BE4744F}.Release|x86.Build.0 = Release|Any CPU
		{E3BF5D28-0DEC-4C6E-A4ED-0070F76A74AA}.Debug|Any CPU.ActiveCfg = Debug|Any CPU
		{E3BF5D28-0DEC-4C6E-A4ED-0070F76A74AA}.Debug|Any CPU.Build.0 = Debug|Any CPU
		{E3BF5D28-0DEC-4C6E-A4ED-0070F76A74AA}.Debug|x64.ActiveCfg = Debug|Any CPU
		{E3BF5D28-0DEC-4C6E-A4ED-0070F76A74AA}.Debug|x64.Build.0 = Debug|Any CPU
		{E3BF5D28-0DEC-4C6E-A4ED-0070F76A74AA}.Debug|x86.ActiveCfg = Debug|Any CPU
		{E3BF5D28-0DEC-4C6E-A4ED-0070F76A74AA}.Debug|x86.Build.0 = Debug|Any CPU
		{E3BF5D28-0DEC-4C6E-A4ED-0070F76A74AA}.Release|Any CPU.ActiveCfg = Release|Any CPU
		{E3BF5D28-0DEC-4C6E-A4ED-0070F76A74AA}.Release|Any CPU.Build.0 = Release|Any CPU
		{E3BF5D28-0DEC-4C6E-A4ED-0070F76A74AA}.Release|x64.ActiveCfg = Release|Any CPU
		{E3BF5D28-0DEC-4C6E-A4ED-0070F76A74AA}.Release|x64.Build.0 = Release|Any CPU
		{E3BF5D28-0DEC-4C6E-A4ED-0070F76A74AA}.Release|x86.ActiveCfg = Release|Any CPU
		{E3BF5D28-0DEC-4C6E-A4ED-0070F76A74AA}.Release|x86.Build.0 = Release|Any CPU
		{8449EB66-E846-473A-8427-F1F1FD8199A5}.Debug|Any CPU.ActiveCfg = Debug|Any CPU
		{8449EB66-E846-473A-8427-F1F1FD8199A5}.Debug|Any CPU.Build.0 = Debug|Any CPU
		{8449EB66-E846-473A-8427-F1F1FD8199A5}.Debug|x64.ActiveCfg = Debug|Any CPU
		{8449EB66-E846-473A-8427-F1F1FD8199A5}.Debug|x64.Build.0 = Debug|Any CPU
		{8449EB66-E846-473A-8427-F1F1FD8199A5}.Debug|x86.ActiveCfg = Debug|Any CPU
		{8449EB66-E846-473A-8427-F1F1FD8199A5}.Debug|x86.Build.0 = Debug|Any CPU
		{8449EB66-E846-473A-8427-F1F1FD8199A5}.Release|Any CPU.ActiveCfg = Release|Any CPU
		{8449EB66-E846-473A-8427-F1F1FD8199A5}.Release|Any CPU.Build.0 = Release|Any CPU
		{8449EB66-E846-473A-8427-F1F1FD8199A5}.Release|x64.ActiveCfg = Release|Any CPU
		{8449EB66-E846-473A-8427-F1F1FD8199A5}.Release|x64.Build.0 = Release|Any CPU
		{8449EB66-E846-473A-8427-F1F1FD8199A5}.Release|x86.ActiveCfg = Release|Any CPU
		{8449EB66-E846-473A-8427-F1F1FD8199A5}.Release|x86.Build.0 = Release|Any CPU
		{7D8BCC61-FE25-4878-BAB5-F65DCA8131E7}.Debug|Any CPU.ActiveCfg = Debug|Any CPU
		{7D8BCC61-FE25-4878-BAB5-F65DCA8131E7}.Debug|Any CPU.Build.0 = Debug|Any CPU
		{7D8BCC61-FE25-4878-BAB5-F65DCA8131E7}.Debug|x64.ActiveCfg = Debug|Any CPU
		{7D8BCC61-FE25-4878-BAB5-F65DCA8131E7}.Debug|x64.Build.0 = Debug|Any CPU
		{7D8BCC61-FE25-4878-BAB5-F65DCA8131E7}.Debug|x86.ActiveCfg = Debug|Any CPU
		{7D8BCC61-FE25-4878-BAB5-F65DCA8131E7}.Debug|x86.Build.0 = Debug|Any CPU
		{7D8BCC61-FE25-4878-BAB5-F65DCA8131E7}.Release|Any CPU.ActiveCfg = Release|Any CPU
		{7D8BCC61-FE25-4878-BAB5-F65DCA8131E7}.Release|Any CPU.Build.0 = Release|Any CPU
		{7D8BCC61-FE25-4878-BAB5-F65DCA8131E7}.Release|x64.ActiveCfg = Release|Any CPU
		{7D8BCC61-FE25-4878-BAB5-F65DCA8131E7}.Release|x64.Build.0 = Release|Any CPU
		{7D8BCC61-FE25-4878-BAB5-F65DCA8131E7}.Release|x86.ActiveCfg = Release|Any CPU
		{7D8BCC61-FE25-4878-BAB5-F65DCA8131E7}.Release|x86.Build.0 = Release|Any CPU
		{04515400-BC96-4B93-8957-E97EAC890CC2}.Debug|Any CPU.ActiveCfg = Debug|Any CPU
		{04515400-BC96-4B93-8957-E97EAC890CC2}.Debug|Any CPU.Build.0 = Debug|Any CPU
		{04515400-BC96-4B93-8957-E97EAC890CC2}.Debug|x64.ActiveCfg = Debug|Any CPU
		{04515400-BC96-4B93-8957-E97EAC890CC2}.Debug|x64.Build.0 = Debug|Any CPU
		{04515400-BC96-4B93-8957-E97EAC890CC2}.Debug|x86.ActiveCfg = Debug|Any CPU
		{04515400-BC96-4B93-8957-E97EAC890CC2}.Debug|x86.Build.0 = Debug|Any CPU
		{04515400-BC96-4B93-8957-E97EAC890CC2}.Release|Any CPU.ActiveCfg = Release|Any CPU
		{04515400-BC96-4B93-8957-E97EAC890CC2}.Release|Any CPU.Build.0 = Release|Any CPU
		{04515400-BC96-4B93-8957-E97EAC890CC2}.Release|x64.ActiveCfg = Release|Any CPU
		{04515400-BC96-4B93-8957-E97EAC890CC2}.Release|x64.Build.0 = Release|Any CPU
		{04515400-BC96-4B93-8957-E97EAC890CC2}.Release|x86.ActiveCfg = Release|Any CPU
		{04515400-BC96-4B93-8957-E97EAC890CC2}.Release|x86.Build.0 = Release|Any CPU
		{0DB90086-CD73-4C0A-B035-6DABFA07C8CD}.Debug|Any CPU.ActiveCfg = Debug|Any CPU
		{0DB90086-CD73-4C0A-B035-6DABFA07C8CD}.Debug|Any CPU.Build.0 = Debug|Any CPU
		{0DB90086-CD73-4C0A-B035-6DABFA07C8CD}.Debug|x64.ActiveCfg = Debug|Any CPU
		{0DB90086-CD73-4C0A-B035-6DABFA07C8CD}.Debug|x64.Build.0 = Debug|Any CPU
		{0DB90086-CD73-4C0A-B035-6DABFA07C8CD}.Debug|x86.ActiveCfg = Debug|Any CPU
		{0DB90086-CD73-4C0A-B035-6DABFA07C8CD}.Debug|x86.Build.0 = Debug|Any CPU
		{0DB90086-CD73-4C0A-B035-6DABFA07C8CD}.Release|Any CPU.ActiveCfg = Release|Any CPU
		{0DB90086-CD73-4C0A-B035-6DABFA07C8CD}.Release|Any CPU.Build.0 = Release|Any CPU
		{0DB90086-CD73-4C0A-B035-6DABFA07C8CD}.Release|x64.ActiveCfg = Release|Any CPU
		{0DB90086-CD73-4C0A-B035-6DABFA07C8CD}.Release|x64.Build.0 = Release|Any CPU
		{0DB90086-CD73-4C0A-B035-6DABFA07C8CD}.Release|x86.ActiveCfg = Release|Any CPU
		{0DB90086-CD73-4C0A-B035-6DABFA07C8CD}.Release|x86.Build.0 = Release|Any CPU
		{8440DF12-FA76-46F8-A5CA-5AF546AFA7D0}.Debug|Any CPU.ActiveCfg = Debug|Any CPU
		{8440DF12-FA76-46F8-A5CA-5AF546AFA7D0}.Debug|Any CPU.Build.0 = Debug|Any CPU
		{8440DF12-FA76-46F8-A5CA-5AF546AFA7D0}.Debug|x64.ActiveCfg = Debug|Any CPU
		{8440DF12-FA76-46F8-A5CA-5AF546AFA7D0}.Debug|x64.Build.0 = Debug|Any CPU
		{8440DF12-FA76-46F8-A5CA-5AF546AFA7D0}.Debug|x86.ActiveCfg = Debug|Any CPU
		{8440DF12-FA76-46F8-A5CA-5AF546AFA7D0}.Debug|x86.Build.0 = Debug|Any CPU
		{8440DF12-FA76-46F8-A5CA-5AF546AFA7D0}.Release|Any CPU.ActiveCfg = Release|Any CPU
		{8440DF12-FA76-46F8-A5CA-5AF546AFA7D0}.Release|Any CPU.Build.0 = Release|Any CPU
		{8440DF12-FA76-46F8-A5CA-5AF546AFA7D0}.Release|x64.ActiveCfg = Release|Any CPU
		{8440DF12-FA76-46F8-A5CA-5AF546AFA7D0}.Release|x64.Build.0 = Release|Any CPU
		{8440DF12-FA76-46F8-A5CA-5AF546AFA7D0}.Release|x86.ActiveCfg = Release|Any CPU
		{8440DF12-FA76-46F8-A5CA-5AF546AFA7D0}.Release|x86.Build.0 = Release|Any CPU
		{20FD415A-30E9-4F87-A34A-0A86F6890F62}.Debug|Any CPU.ActiveCfg = Debug|Any CPU
		{20FD415A-30E9-4F87-A34A-0A86F6890F62}.Debug|Any CPU.Build.0 = Debug|Any CPU
		{20FD415A-30E9-4F87-A34A-0A86F6890F62}.Debug|x64.ActiveCfg = Debug|Any CPU
		{20FD415A-30E9-4F87-A34A-0A86F6890F62}.Debug|x64.Build.0 = Debug|Any CPU
		{20FD415A-30E9-4F87-A34A-0A86F6890F62}.Debug|x86.ActiveCfg = Debug|Any CPU
		{20FD415A-30E9-4F87-A34A-0A86F6890F62}.Debug|x86.Build.0 = Debug|Any CPU
		{20FD415A-30E9-4F87-A34A-0A86F6890F62}.Release|Any CPU.ActiveCfg = Release|Any CPU
		{20FD415A-30E9-4F87-A34A-0A86F6890F62}.Release|Any CPU.Build.0 = Release|Any CPU
		{20FD415A-30E9-4F87-A34A-0A86F6890F62}.Release|x64.ActiveCfg = Release|Any CPU
		{20FD415A-30E9-4F87-A34A-0A86F6890F62}.Release|x64.Build.0 = Release|Any CPU
		{20FD415A-30E9-4F87-A34A-0A86F6890F62}.Release|x86.ActiveCfg = Release|Any CPU
		{20FD415A-30E9-4F87-A34A-0A86F6890F62}.Release|x86.Build.0 = Release|Any CPU
		{C9D5EB2B-04E6-478F-AC06-05F5656EF7DC}.Debug|Any CPU.ActiveCfg = Debug|Any CPU
		{C9D5EB2B-04E6-478F-AC06-05F5656EF7DC}.Debug|Any CPU.Build.0 = Debug|Any CPU
		{C9D5EB2B-04E6-478F-AC06-05F5656EF7DC}.Debug|x64.ActiveCfg = Debug|Any CPU
		{C9D5EB2B-04E6-478F-AC06-05F5656EF7DC}.Debug|x64.Build.0 = Debug|Any CPU
		{C9D5EB2B-04E6-478F-AC06-05F5656EF7DC}.Debug|x86.ActiveCfg = Debug|Any CPU
		{C9D5EB2B-04E6-478F-AC06-05F5656EF7DC}.Debug|x86.Build.0 = Debug|Any CPU
		{C9D5EB2B-04E6-478F-AC06-05F5656EF7DC}.Release|Any CPU.ActiveCfg = Release|Any CPU
		{C9D5EB2B-04E6-478F-AC06-05F5656EF7DC}.Release|Any CPU.Build.0 = Release|Any CPU
		{C9D5EB2B-04E6-478F-AC06-05F5656EF7DC}.Release|x64.ActiveCfg = Release|Any CPU
		{C9D5EB2B-04E6-478F-AC06-05F5656EF7DC}.Release|x64.Build.0 = Release|Any CPU
		{C9D5EB2B-04E6-478F-AC06-05F5656EF7DC}.Release|x86.ActiveCfg = Release|Any CPU
		{C9D5EB2B-04E6-478F-AC06-05F5656EF7DC}.Release|x86.Build.0 = Release|Any CPU
		{27C2582C-2E94-42E2-9491-3A5D3B44804B}.Debug|Any CPU.ActiveCfg = Debug|Any CPU
		{27C2582C-2E94-42E2-9491-3A5D3B44804B}.Debug|Any CPU.Build.0 = Debug|Any CPU
		{27C2582C-2E94-42E2-9491-3A5D3B44804B}.Debug|x64.ActiveCfg = Debug|Any CPU
		{27C2582C-2E94-42E2-9491-3A5D3B44804B}.Debug|x64.Build.0 = Debug|Any CPU
		{27C2582C-2E94-42E2-9491-3A5D3B44804B}.Debug|x86.ActiveCfg = Debug|Any CPU
		{27C2582C-2E94-42E2-9491-3A5D3B44804B}.Debug|x86.Build.0 = Debug|Any CPU
		{27C2582C-2E94-42E2-9491-3A5D3B44804B}.Release|Any CPU.ActiveCfg = Release|Any CPU
		{27C2582C-2E94-42E2-9491-3A5D3B44804B}.Release|Any CPU.Build.0 = Release|Any CPU
		{27C2582C-2E94-42E2-9491-3A5D3B44804B}.Release|x64.ActiveCfg = Release|Any CPU
		{27C2582C-2E94-42E2-9491-3A5D3B44804B}.Release|x64.Build.0 = Release|Any CPU
		{27C2582C-2E94-42E2-9491-3A5D3B44804B}.Release|x86.ActiveCfg = Release|Any CPU
		{27C2582C-2E94-42E2-9491-3A5D3B44804B}.Release|x86.Build.0 = Release|Any CPU
		{AD3EF692-D756-42C1-B5DE-7FE932D4C1DD}.Debug|Any CPU.ActiveCfg = Debug|Any CPU
		{AD3EF692-D756-42C1-B5DE-7FE932D4C1DD}.Debug|Any CPU.Build.0 = Debug|Any CPU
		{AD3EF692-D756-42C1-B5DE-7FE932D4C1DD}.Debug|x64.ActiveCfg = Debug|Any CPU
		{AD3EF692-D756-42C1-B5DE-7FE932D4C1DD}.Debug|x64.Build.0 = Debug|Any CPU
		{AD3EF692-D756-42C1-B5DE-7FE932D4C1DD}.Debug|x86.ActiveCfg = Debug|Any CPU
		{AD3EF692-D756-42C1-B5DE-7FE932D4C1DD}.Debug|x86.Build.0 = Debug|Any CPU
		{AD3EF692-D756-42C1-B5DE-7FE932D4C1DD}.Release|Any CPU.ActiveCfg = Release|Any CPU
		{AD3EF692-D756-42C1-B5DE-7FE932D4C1DD}.Release|Any CPU.Build.0 = Release|Any CPU
		{AD3EF692-D756-42C1-B5DE-7FE932D4C1DD}.Release|x64.ActiveCfg = Release|Any CPU
		{AD3EF692-D756-42C1-B5DE-7FE932D4C1DD}.Release|x64.Build.0 = Release|Any CPU
		{AD3EF692-D756-42C1-B5DE-7FE932D4C1DD}.Release|x86.ActiveCfg = Release|Any CPU
		{AD3EF692-D756-42C1-B5DE-7FE932D4C1DD}.Release|x86.Build.0 = Release|Any CPU
		{79E6A3DA-8CEB-468D-BC3D-A16661028810}.Debug|Any CPU.ActiveCfg = Debug|Any CPU
		{79E6A3DA-8CEB-468D-BC3D-A16661028810}.Debug|Any CPU.Build.0 = Debug|Any CPU
		{79E6A3DA-8CEB-468D-BC3D-A16661028810}.Debug|x64.ActiveCfg = Debug|Any CPU
		{79E6A3DA-8CEB-468D-BC3D-A16661028810}.Debug|x64.Build.0 = Debug|Any CPU
		{79E6A3DA-8CEB-468D-BC3D-A16661028810}.Debug|x86.ActiveCfg = Debug|Any CPU
		{79E6A3DA-8CEB-468D-BC3D-A16661028810}.Debug|x86.Build.0 = Debug|Any CPU
		{79E6A3DA-8CEB-468D-BC3D-A16661028810}.Release|Any CPU.ActiveCfg = Release|Any CPU
		{79E6A3DA-8CEB-468D-BC3D-A16661028810}.Release|Any CPU.Build.0 = Release|Any CPU
		{79E6A3DA-8CEB-468D-BC3D-A16661028810}.Release|x64.ActiveCfg = Release|Any CPU
		{79E6A3DA-8CEB-468D-BC3D-A16661028810}.Release|x64.Build.0 = Release|Any CPU
		{79E6A3DA-8CEB-468D-BC3D-A16661028810}.Release|x86.ActiveCfg = Release|Any CPU
		{79E6A3DA-8CEB-468D-BC3D-A16661028810}.Release|x86.Build.0 = Release|Any CPU
	EndGlobalSection
	GlobalSection(SolutionProperties) = preSolution
		HideSolutionNode = FALSE
	EndGlobalSection
	GlobalSection(NestedProjects) = preSolution
		{10F95E76-74E7-4CF3-85DD-42733BE4744F} = {827E0CD3-B72D-47B6-A68D-7590B98EB39B}
		{E3BF5D28-0DEC-4C6E-A4ED-0070F76A74AA} = {827E0CD3-B72D-47B6-A68D-7590B98EB39B}
		{8449EB66-E846-473A-8427-F1F1FD8199A5} = {827E0CD3-B72D-47B6-A68D-7590B98EB39B}
		{7D8BCC61-FE25-4878-BAB5-F65DCA8131E7} = {827E0CD3-B72D-47B6-A68D-7590B98EB39B}
		{04515400-BC96-4B93-8957-E97EAC890CC2} = {827E0CD3-B72D-47B6-A68D-7590B98EB39B}
		{0DB90086-CD73-4C0A-B035-6DABFA07C8CD} = {4F52FD11-658E-A102-6CD3-7D7C16FFA15B}
		{8440DF12-FA76-46F8-A5CA-5AF546AFA7D0} = {827E0CD3-B72D-47B6-A68D-7590B98EB39B}
		{20FD415A-30E9-4F87-A34A-0A86F6890F62} = {827E0CD3-B72D-47B6-A68D-7590B98EB39B}
		{C9D5EB2B-04E6-478F-AC06-05F5656EF7DC} = {4F52FD11-658E-A102-6CD3-7D7C16FFA15B}
		{27C2582C-2E94-42E2-9491-3A5D3B44804B} = {827E0CD3-B72D-47B6-A68D-7590B98EB39B}
		{AD3EF692-D756-42C1-B5DE-7FE932D4C1DD} = {827E0CD3-B72D-47B6-A68D-7590B98EB39B}
		{79E6A3DA-8CEB-468D-BC3D-A16661028810} = {0AB3BF05-4346-4AA6-1389-037BE0695223}
	EndGlobalSection
EndGlobal
